
Microsoft Visual Studio Solution File, Format Version 12.00
Project("{2150E333-8FDC-42A3-9474-1A3956D46DE8}") = "Services", "Services", "{B56D9C3A-C891-4F23-BFBB-4588476F3B6A}"
EndProject
Project("{2150E333-8FDC-42A3-9474-1A3956D46DE8}") = "Catalog", "Catalog", "{619CAAA9-6AB2-4693-AAAD-7756F9E453BE}"
EndProject
Project("{FAE04EC0-301F-11D3-BF4B-00C04F79EFBC}") = "Multishop.Catalog", "Services\Catalog\Multishop.Catalog\Multishop.Catalog.csproj", "{704859A9-41FC-4E36-A1F1-0808558C3168}"
EndProject
Project("{2150E333-8FDC-42A3-9474-1A3956D46DE8}") = "Discount", "Discount", "{B38F5920-1E45-4D0A-85A3-3D10520DCBF2}"
EndProject
Project("{FAE04EC0-301F-11D3-BF4B-00C04F79EFBC}") = "Multishop.Discount", "Services\Multishop.Discount\Multishop.Discount.csproj", "{ECA35C1E-AED1-4B22-84BA-BA1BD3BB723D}"
EndProject
Project("{2150E333-8FDC-42A3-9474-1A3956D46DE8}") = "Order", "Order", "{2CB67C20-5D8C-4424-95B7-D1512B5D6756}"
EndProject
Project("{2150E333-8FDC-42A3-9474-1A3956D46DE8}") = "Infrastructure", "Infrastructure", "{B49C249E-3E66-46A1-AF4B-86180682F9D9}"
EndProject
Project("{2150E333-8FDC-42A3-9474-1A3956D46DE8}") = "Core", "Core", "{771B5DA5-B706-4B18-B51B-A275EEE2C7AC}"
EndProject
Project("{2150E333-8FDC-42A3-9474-1A3956D46DE8}") = "Presentation", "Presentation", "{48B045A5-FA21-4313-A3AC-34AF70054908}"
EndProject
Project("{FAE04EC0-301F-11D3-BF4B-00C04F79EFBC}") = "Multishop.Order.Domain", "Services\Multishop.Order.Domain\Multishop.Order.Domain.csproj", "{3E6C0A80-AAFB-4FE0-A90C-50DD6A40C89F}"
EndProject
Project("{FAE04EC0-301F-11D3-BF4B-00C04F79EFBC}") = "Multishop.Order.Application", "Services\Order\Core\Multishop.Order.Application\Multishop.Order.Application.csproj", "{29C81B16-5C0F-47B2-B285-54856599A971}"
EndProject
Project("{FAE04EC0-301F-11D3-BF4B-00C04F79EFBC}") = "Multishop.Order.Persistence", "Services\Order\Infrastructure\Multishop.Order.Persistence\Multishop.Order.Persistence.csproj", "{3FEB38AD-91BE-49C3-8DAA-930C1F97B0FB}"
EndProject
Project("{FAE04EC0-301F-11D3-BF4B-00C04F79EFBC}") = "Multishop.Order.WebApi", "Services\Order\Presentation\Multishop.Order.WebApi\Multishop.Order.WebApi.csproj", "{887CE7BF-26CC-4A8B-8B02-102F0D7C6AFA}"
EndProject
Global
	GlobalSection(SolutionConfigurationPlatforms) = preSolution
		Debug|Any CPU = Debug|Any CPU
		Release|Any CPU = Release|Any CPU
	EndGlobalSection
	GlobalSection(NestedProjects) = preSolution
		{619CAAA9-6AB2-4693-AAAD-7756F9E453BE} = {B56D9C3A-C891-4F23-BFBB-4588476F3B6A}
		{704859A9-41FC-4E36-A1F1-0808558C3168} = {619CAAA9-6AB2-4693-AAAD-7756F9E453BE}
		{B38F5920-1E45-4D0A-85A3-3D10520DCBF2} = {B56D9C3A-C891-4F23-BFBB-4588476F3B6A}
		{ECA35C1E-AED1-4B22-84BA-BA1BD3BB723D} = {B38F5920-1E45-4D0A-85A3-3D10520DCBF2}
		{2CB67C20-5D8C-4424-95B7-D1512B5D6756} = {B56D9C3A-C891-4F23-BFBB-4588476F3B6A}
		{B49C249E-3E66-46A1-AF4B-86180682F9D9} = {2CB67C20-5D8C-4424-95B7-D1512B5D6756}
		{771B5DA5-B706-4B18-B51B-A275EEE2C7AC} = {2CB67C20-5D8C-4424-95B7-D1512B5D6756}
		{48B045A5-FA21-4313-A3AC-34AF70054908} = {2CB67C20-5D8C-4424-95B7-D1512B5D6756}
		{3E6C0A80-AAFB-4FE0-A90C-50DD6A40C89F} = {771B5DA5-B706-4B18-B51B-A275EEE2C7AC}
		{29C81B16-5C0F-47B2-B285-54856599A971} = {771B5DA5-B706-4B18-B51B-A275EEE2C7AC}
		{3FEB38AD-91BE-49C3-8DAA-930C1F97B0FB} = {B49C249E-3E66-46A1-AF4B-86180682F9D9}
		{887CE7BF-26CC-4A8B-8B02-102F0D7C6AFA} = {48B045A5-FA21-4313-A3AC-34AF70054908}
	EndGlobalSection
	GlobalSection(ProjectConfigurationPlatforms) = postSolution
		{704859A9-41FC-4E36-A1F1-0808558C3168}.Debug|Any CPU.ActiveCfg = Debug|Any CPU
		{704859A9-41FC-4E36-A1F1-0808558C3168}.Debug|Any CPU.Build.0 = Debug|Any CPU
		{704859A9-41FC-4E36-A1F1-0808558C3168}.Release|Any CPU.ActiveCfg = Release|Any CPU
		{704859A9-41FC-4E36-A1F1-0808558C3168}.Release|Any CPU.Build.0 = Release|Any CPU
		{ECA35C1E-AED1-4B22-84BA-BA1BD3BB723D}.Debug|Any CPU.ActiveCfg = Debug|Any CPU
		{ECA35C1E-AED1-4B22-84BA-BA1BD3BB723D}.Debug|Any CPU.Build.0 = Debug|Any CPU
		{ECA35C1E-AED1-4B22-84BA-BA1BD3BB723D}.Release|Any CPU.ActiveCfg = Release|Any CPU
		{ECA35C1E-AED1-4B22-84BA-BA1BD3BB723D}.Release|Any CPU.Build.0 = Release|Any CPU
		{3E6C0A80-AAFB-4FE0-A90C-50DD6A40C89F}.Debug|Any CPU.ActiveCfg = Debug|Any CPU
		{3E6C0A80-AAFB-4FE0-A90C-50DD6A40C89F}.Debug|Any CPU.Build.0 = Debug|Any CPU
		{3E6C0A80-AAFB-4FE0-A90C-50DD6A40C89F}.Release|Any CPU.ActiveCfg = Release|Any CPU
		{3E6C0A80-AAFB-4FE0-A90C-50DD6A40C89F}.Release|Any CPU.Build.0 = Release|Any CPU
		{29C81B16-5C0F-47B2-B285-54856599A971}.Debug|Any CPU.ActiveCfg = Debug|Any CPU
		{29C81B16-5C0F-47B2-B285-54856599A971}.Debug|Any CPU.Build.0 = Debug|Any CPU
		{29C81B16-5C0F-47B2-B285-54856599A971}.Release|Any CPU.ActiveCfg = Release|Any CPU
		{29C81B16-5C0F-47B2-B285-54856599A971}.Release|Any CPU.Build.0 = Release|Any CPU
		{3FEB38AD-91BE-49C3-8DAA-930C1F97B0FB}.Debug|Any CPU.ActiveCfg = Debug|Any CPU
		{3FEB38AD-91BE-49C3-8DAA-930C1F97B0FB}.Debug|Any CPU.Build.0 = Debug|Any CPU
		{3FEB38AD-91BE-49C3-8DAA-930C1F97B0FB}.Release|Any CPU.ActiveCfg = Release|Any CPU
		{3FEB38AD-91BE-49C3-8DAA-930C1F97B0FB}.Release|Any CPU.Build.0 = Release|Any CPU
		{887CE7BF-26CC-4A8B-8B02-102F0D7C6AFA}.Debug|Any CPU.ActiveCfg = Debug|Any CPU
		{887CE7BF-26CC-4A8B-8B02-102F0D7C6AFA}.Debug|Any CPU.Build.0 = Debug|Any CPU
		{887CE7BF-26CC-4A8B-8B02-102F0D7C6AFA}.Release|Any CPU.ActiveCfg = Release|Any CPU
		{887CE7BF-26CC-4A8B-8B02-102F0D7C6AFA}.Release|Any CPU.Build.0 = Release|Any CPU
	EndGlobalSection
EndGlobal
