
Microsoft Visual Studio Solution File, Format Version 12.00
Project("{2150E333-8FDC-42A3-9474-1A3956D46DE8}") = "Services", "Services", "{B56D9C3A-C891-4F23-BFBB-4588476F3B6A}"
EndProject
Project("{2150E333-8FDC-42A3-9474-1A3956D46DE8}") = "Catalog", "Catalog", "{619CAAA9-6AB2-4693-AAAD-7756F9E453BE}"
EndProject
Project("{FAE04EC0-301F-11D3-BF4B-00C04F79EFBC}") = "Multishop.Catalog", "Services\Catalog\Multishop.Catalog\Multishop.Catalog.csproj", "{704859A9-41FC-4E36-A1F1-0808558C3168}"
EndProject
Global
	GlobalSection(SolutionConfigurationPlatforms) = preSolution
		Debug|Any CPU = Debug|Any CPU
		Release|Any CPU = Release|Any CPU
	EndGlobalSection
	GlobalSection(NestedProjects) = preSolution
		{619CAAA9-6AB2-4693-AAAD-7756F9E453BE} = {B56D9C3A-C891-4F23-BFBB-4588476F3B6A}
		{704859A9-41FC-4E36-A1F1-0808558C3168} = {619CAAA9-6AB2-4693-AAAD-7756F9E453BE}
	EndGlobalSection
	GlobalSection(ProjectConfigurationPlatforms) = postSolution
		{704859A9-41FC-4E36-A1F1-0808558C3168}.Debug|Any CPU.ActiveCfg = Debug|Any CPU
		{704859A9-41FC-4E36-A1F1-0808558C3168}.Debug|Any CPU.Build.0 = Debug|Any CPU
		{704859A9-41FC-4E36-A1F1-0808558C3168}.Release|Any CPU.ActiveCfg = Release|Any CPU
		{704859A9-41FC-4E36-A1F1-0808558C3168}.Release|Any CPU.Build.0 = Release|Any CPU
	EndGlobalSection
EndGlobal
